
Microsoft Visual Studio Solution File, Format Version 12.00
# Visual Studio Version 16
VisualStudioVersion = 16.0.30523.141
MinimumVisualStudioVersion = 10.0.40219.1
Project("{9A19103F-16F7-4668-BE54-9A1E7A4F7556}") = "EmpressBoots", "EmpressBoots.csproj", "{5A560F85-63AA-4918-BC08-115809EAD7DE}"
EndProject
Global
	GlobalSection(SolutionConfigurationPlatforms) = preSolution
		Debug|Any CPU = Debug|Any CPU
		Release|Any CPU = Release|Any CPU
	EndGlobalSection
	GlobalSection(ProjectConfigurationPlatforms) = postSolution
		{5A560F85-63AA-4918-BC08-115809EAD7DE}.Debug|Any CPU.ActiveCfg = Debug|Any CPU
		{5A560F85-63AA-4918-BC08-115809EAD7DE}.Debug|Any CPU.Build.0 = Debug|Any CPU
		{5A560F85-63AA-4918-BC08-115809EAD7DE}.Release|Any CPU.ActiveCfg = Release|Any CPU
		{5A560F85-63AA-4918-BC08-115809EAD7DE}.Release|Any CPU.Build.0 = Release|Any CPU
	EndGlobalSection
	GlobalSection(SolutionProperties) = preSolution
		HideSolutionNode = FALSE
	EndGlobalSection
	GlobalSection(ExtensibilityGlobals) = postSolution
		SolutionGuid = {7020C9B7-DC16-4676-96E0-D3F0156CF7D9}
	EndGlobalSection
EndGlobal
